
Microsoft Visual Studio Solution File, Format Version 12.00
# Visual Studio Version 16
VisualStudioVersion = 16.0.31205.134
MinimumVisualStudioVersion = 10.0.40219.1
Project("{FAE04EC0-301F-11D3-BF4B-00C04F79EFBC}") = "NguyenMinhHung_FunctionTest", "NguyenMinhHung_FunctionTest\NguyenMinhHung_FunctionTest.csproj", "{C0136E81-81AF-40B1-A522-41D8ECF130C7}"
EndProject
Global
	GlobalSection(SolutionConfigurationPlatforms) = preSolution
		Debug|Any CPU = Debug|Any CPU
		Release|Any CPU = Release|Any CPU
	EndGlobalSection
	GlobalSection(ProjectConfigurationPlatforms) = postSolution
		{C0136E81-81AF-40B1-A522-41D8ECF130C7}.Debug|Any CPU.ActiveCfg = Debug|Any CPU
		{C0136E81-81AF-40B1-A522-41D8ECF130C7}.Debug|Any CPU.Build.0 = Debug|Any CPU
		{C0136E81-81AF-40B1-A522-41D8ECF130C7}.Release|Any CPU.ActiveCfg = Release|Any CPU
		{C0136E81-81AF-40B1-A522-41D8ECF130C7}.Release|Any CPU.Build.0 = Release|Any CPU
	EndGlobalSection
	GlobalSection(SolutionProperties) = preSolution
		HideSolutionNode = FALSE
	EndGlobalSection
	GlobalSection(ExtensibilityGlobals) = postSolution
		SolutionGuid = {D87D8F52-8980-464C-ADE8-2A5A2381843A}
	EndGlobalSection
EndGlobal
